
Microsoft Visual Studio Solution File, Format Version 12.00
# Visual Studio 15
VisualStudioVersion = 15.0.26430.13
MinimumVisualStudioVersion = 10.0.40219.1
Project("{FAE04EC0-301F-11D3-BF4B-00C04F79EFBC}") = "KeyboardPress", "KeyboardPress\KeyboardPress.csproj", "{EB999E45-B07F-498C-85A1-98797AEFDD16}"
EndProject
Project("{2150E333-8FDC-42A3-9474-1A3956D46DE8}") = "Solution Items", "Solution Items", "{E998B6FD-AA71-4BC7-8579-25161C5B4490}"
EndProject
Project("{FAE04EC0-301F-11D3-BF4B-00C04F79EFBC}") = "KeyboardPress_Analyzer", "KeyboardPress_Analyzer\KeyboardPress_Analyzer.csproj", "{761F3774-875E-470A-84BC-846B4F20C28D}"
EndProject
Project("{FAE04EC0-301F-11D3-BF4B-00C04F79EFBC}") = "KeyboardPress_Extensions", "KeyboardPress_Extensions\KeyboardPress_Extensions.csproj", "{868ED802-69E8-45E0-A593-73FC11CF3C2D}"
EndProject
Project("{FAE04EC0-301F-11D3-BF4B-00C04F79EFBC}") = "UnitTestProject", "UnitTestProject\UnitTestProject.csproj", "{7AB0FB95-D769-429D-AFD6-46D14BB857ED}"
EndProject
Global
	GlobalSection(SolutionConfigurationPlatforms) = preSolution
		Debug|Any CPU = Debug|Any CPU
		Release|Any CPU = Release|Any CPU
	EndGlobalSection
	GlobalSection(ProjectConfigurationPlatforms) = postSolution
		{EB999E45-B07F-498C-85A1-98797AEFDD16}.Debug|Any CPU.ActiveCfg = Debug|Any CPU
		{EB999E45-B07F-498C-85A1-98797AEFDD16}.Debug|Any CPU.Build.0 = Debug|Any CPU
		{EB999E45-B07F-498C-85A1-98797AEFDD16}.Release|Any CPU.ActiveCfg = Release|Any CPU
		{EB999E45-B07F-498C-85A1-98797AEFDD16}.Release|Any CPU.Build.0 = Release|Any CPU
		{761F3774-875E-470A-84BC-846B4F20C28D}.Debug|Any CPU.ActiveCfg = Debug|Any CPU
		{761F3774-875E-470A-84BC-846B4F20C28D}.Debug|Any CPU.Build.0 = Debug|Any CPU
		{761F3774-875E-470A-84BC-846B4F20C28D}.Release|Any CPU.ActiveCfg = Release|Any CPU
		{761F3774-875E-470A-84BC-846B4F20C28D}.Release|Any CPU.Build.0 = Release|Any CPU
		{868ED802-69E8-45E0-A593-73FC11CF3C2D}.Debug|Any CPU.ActiveCfg = Debug|Any CPU
		{868ED802-69E8-45E0-A593-73FC11CF3C2D}.Debug|Any CPU.Build.0 = Debug|Any CPU
		{868ED802-69E8-45E0-A593-73FC11CF3C2D}.Release|Any CPU.ActiveCfg = Release|Any CPU
		{868ED802-69E8-45E0-A593-73FC11CF3C2D}.Release|Any CPU.Build.0 = Release|Any CPU
		{7AB0FB95-D769-429D-AFD6-46D14BB857ED}.Debug|Any CPU.ActiveCfg = Debug|Any CPU
		{7AB0FB95-D769-429D-AFD6-46D14BB857ED}.Debug|Any CPU.Build.0 = Debug|Any CPU
		{7AB0FB95-D769-429D-AFD6-46D14BB857ED}.Release|Any CPU.ActiveCfg = Release|Any CPU
		{7AB0FB95-D769-429D-AFD6-46D14BB857ED}.Release|Any CPU.Build.0 = Release|Any CPU
	EndGlobalSection
	GlobalSection(SolutionProperties) = preSolution
		HideSolutionNode = FALSE
	EndGlobalSection
EndGlobal
